# THIS IS AN AUTOGENERATED FILE. DO NOT EDIT THIS FILE DIRECTLY.
# yarn lockfile v1


react-div-100vh@^0.7.0:
  version "0.7.0"
  resolved "https://registry.yarnpkg.com/react-div-100vh/-/react-div-100vh-0.7.0.tgz#b3bec03a833fa40e406f36ed2e23a35a59d1068f"
  integrity sha512-I3d77tQyaSlOx/6vurDDLk7upb5GA2ldEtVXkk7Kn5cy+tLlS0KlqDK14xUxlxh7jz4StjgKcwFyrpymsPpomA==
